
Microsoft Visual Studio Solution File, Format Version 12.00
# Visual Studio Version 17
VisualStudioVersion = 17.0.31903.59
MinimumVisualStudioVersion = 10.0.40219.1
Project("{FAE04EC0-301F-11D3-BF4B-00C04F79EFBC}") = "Domain", "Domain\Domain.csproj", "{4338B998-8C29-4A84-8A2C-1DBAF84F64FF}"
EndProject
Project("{FAE04EC0-301F-11D3-BF4B-00C04F79EFBC}") = "Application", "Application\Application.csproj", "{6AAED28A-31A5-43B4-A956-4087DF70745B}"
EndProject
Project("{FAE04EC0-301F-11D3-BF4B-00C04F79EFBC}") = "Infrastructure", "Infrastructure\Infrastructure.csproj", "{45B47A0A-F2B4-4A25-9BB1-116C8DFC3DD2}"
EndProject
Project("{FAE04EC0-301F-11D3-BF4B-00C04F79EFBC}") = "Presentation", "Presentation\Presentation.csproj", "{A103089A-1E2C-4E6D-9D81-7840CDE33293}"
EndProject
Global
	GlobalSection(SolutionConfigurationPlatforms) = preSolution
		Debug|Any CPU = Debug|Any CPU
		Release|Any CPU = Release|Any CPU
	EndGlobalSection
	GlobalSection(SolutionProperties) = preSolution
		HideSolutionNode = FALSE
	EndGlobalSection
	GlobalSection(ProjectConfigurationPlatforms) = postSolution
		{4338B998-8C29-4A84-8A2C-1DBAF84F64FF}.Debug|Any CPU.ActiveCfg = Debug|Any CPU
		{4338B998-8C29-4A84-8A2C-1DBAF84F64FF}.Debug|Any CPU.Build.0 = Debug|Any CPU
		{4338B998-8C29-4A84-8A2C-1DBAF84F64FF}.Release|Any CPU.ActiveCfg = Release|Any CPU
		{4338B998-8C29-4A84-8A2C-1DBAF84F64FF}.Release|Any CPU.Build.0 = Release|Any CPU
		{6AAED28A-31A5-43B4-A956-4087DF70745B}.Debug|Any CPU.ActiveCfg = Debug|Any CPU
		{6AAED28A-31A5-43B4-A956-4087DF70745B}.Debug|Any CPU.Build.0 = Debug|Any CPU
		{6AAED28A-31A5-43B4-A956-4087DF70745B}.Release|Any CPU.ActiveCfg = Release|Any CPU
		{6AAED28A-31A5-43B4-A956-4087DF70745B}.Release|Any CPU.Build.0 = Release|Any CPU
		{45B47A0A-F2B4-4A25-9BB1-116C8DFC3DD2}.Debug|Any CPU.ActiveCfg = Debug|Any CPU
		{45B47A0A-F2B4-4A25-9BB1-116C8DFC3DD2}.Debug|Any CPU.Build.0 = Debug|Any CPU
		{45B47A0A-F2B4-4A25-9BB1-116C8DFC3DD2}.Release|Any CPU.ActiveCfg = Release|Any CPU
		{45B47A0A-F2B4-4A25-9BB1-116C8DFC3DD2}.Release|Any CPU.Build.0 = Release|Any CPU
		{A103089A-1E2C-4E6D-9D81-7840CDE33293}.Debug|Any CPU.ActiveCfg = Debug|Any CPU
		{A103089A-1E2C-4E6D-9D81-7840CDE33293}.Debug|Any CPU.Build.0 = Debug|Any CPU
		{A103089A-1E2C-4E6D-9D81-7840CDE33293}.Release|Any CPU.ActiveCfg = Release|Any CPU
		{A103089A-1E2C-4E6D-9D81-7840CDE33293}.Release|Any CPU.Build.0 = Release|Any CPU
	EndGlobalSection
EndGlobal
